
Microsoft Visual Studio Solution File, Format Version 12.00
# Visual Studio Version 17
VisualStudioVersion = 17.0.31903.59
MinimumVisualStudioVersion = 10.0.40219.1
Project("{9A19103F-16F7-4668-BE54-9A1E7A4F7556}") = "assembly", "assembly\assembly.csproj", "{65A62661-03D8-444A-BD2E-4A569B8806AF}"
EndProject
Project("{9A19103F-16F7-4668-BE54-9A1E7A4F7556}") = "grpc", "grpc\grpc.csproj", "{BA802583-0EC6-4B38-B7DD-0CB2FF8BFBE9}"
EndProject
Project("{9A19103F-16F7-4668-BE54-9A1E7A4F7556}") = "common", "common\common.csproj", "{FAA573B2-9D4A-40EF-9553-C85F33F1A6E8}"
EndProject
Global
	GlobalSection(SolutionConfigurationPlatforms) = preSolution
		Debug|Any CPU = Debug|Any CPU
		Release|Any CPU = Release|Any CPU
	EndGlobalSection
	GlobalSection(ProjectConfigurationPlatforms) = postSolution
		{65A62661-03D8-444A-BD2E-4A569B8806AF}.Debug|Any CPU.ActiveCfg = Debug|Any CPU
		{65A62661-03D8-444A-BD2E-4A569B8806AF}.Debug|Any CPU.Build.0 = Debug|Any CPU
		{65A62661-03D8-444A-BD2E-4A569B8806AF}.Release|Any CPU.ActiveCfg = Release|Any CPU
		{65A62661-03D8-444A-BD2E-4A569B8806AF}.Release|Any CPU.Build.0 = Release|Any CPU
		{BA802583-0EC6-4B38-B7DD-0CB2FF8BFBE9}.Debug|Any CPU.ActiveCfg = Debug|Any CPU
		{BA802583-0EC6-4B38-B7DD-0CB2FF8BFBE9}.Debug|Any CPU.Build.0 = Debug|Any CPU
		{BA802583-0EC6-4B38-B7DD-0CB2FF8BFBE9}.Release|Any CPU.ActiveCfg = Release|Any CPU
		{BA802583-0EC6-4B38-B7DD-0CB2FF8BFBE9}.Release|Any CPU.Build.0 = Release|Any CPU
		{FAA573B2-9D4A-40EF-9553-C85F33F1A6E8}.Debug|Any CPU.ActiveCfg = Debug|Any CPU
		{FAA573B2-9D4A-40EF-9553-C85F33F1A6E8}.Debug|Any CPU.Build.0 = Debug|Any CPU
		{FAA573B2-9D4A-40EF-9553-C85F33F1A6E8}.Release|Any CPU.ActiveCfg = Release|Any CPU
		{FAA573B2-9D4A-40EF-9553-C85F33F1A6E8}.Release|Any CPU.Build.0 = Release|Any CPU
	EndGlobalSection
	GlobalSection(SolutionProperties) = preSolution
		HideSolutionNode = FALSE
	EndGlobalSection
	GlobalSection(ExtensibilityGlobals) = postSolution
		SolutionGuid = {1777CD1E-7AF7-4DDF-B15D-E1E80C14B805}
	EndGlobalSection
EndGlobal
